
Microsoft Visual Studio Solution File, Format Version 12.00
# Visual Studio 15
VisualStudioVersion = 15.0.27004.2006
MinimumVisualStudioVersion = 10.0.40219.1
Project("{FAE04EC0-301F-11D3-BF4B-00C04F79EFBC}") = "PayRate(Console)", "PayRate(Console)\PayRate(Console).csproj", "{44768D2E-6E5D-44E0-802B-47AFACECFF0E}"
EndProject
Global
	GlobalSection(SolutionConfigurationPlatforms) = preSolution
		Debug|Any CPU = Debug|Any CPU
		Release|Any CPU = Release|Any CPU
	EndGlobalSection
	GlobalSection(ProjectConfigurationPlatforms) = postSolution
		{44768D2E-6E5D-44E0-802B-47AFACECFF0E}.Debug|Any CPU.ActiveCfg = Debug|Any CPU
		{44768D2E-6E5D-44E0-802B-47AFACECFF0E}.Debug|Any CPU.Build.0 = Debug|Any CPU
		{44768D2E-6E5D-44E0-802B-47AFACECFF0E}.Release|Any CPU.ActiveCfg = Release|Any CPU
		{44768D2E-6E5D-44E0-802B-47AFACECFF0E}.Release|Any CPU.Build.0 = Release|Any CPU
	EndGlobalSection
	GlobalSection(SolutionProperties) = preSolution
		HideSolutionNode = FALSE
	EndGlobalSection
	GlobalSection(ExtensibilityGlobals) = postSolution
		SolutionGuid = {21CF4B7A-A523-4433-9355-3A6F8BBF9A0A}
	EndGlobalSection
EndGlobal
